// !$*UTF8*$!
{
	archiveVersion = 1;
	classes = {
	};
	objectVersion = 52;
	objects = {

/* Begin PBXBuildFile section */
		BC08E769274D58C000D00387 /* TripDetailedViewController.swift in Sources */ = {isa = PBXBuildFile; fileRef = BC08E768274D58C000D00387 /* TripDetailedViewController.swift */; };
		BC122A4127399EB000AC356F /* AddBlockViewController.swift in Sources */ = {isa = PBXBuildFile; fileRef = BC122A4027399EB000AC356F /* AddBlockViewController.swift */; };
		BC149CBF272D6AB600C5F7D5 /* FlightViewController.swift in Sources */ = {isa = PBXBuildFile; fileRef = BC149CBE272D6AB600C5F7D5 /* FlightViewController.swift */; };
		BC1F121727ADE97B00AFCE2A /* ProfileTabBarController.swift in Sources */ = {isa = PBXBuildFile; fileRef = BC1F121627ADE97A00AFCE2A /* ProfileTabBarController.swift */; };
		BC29BECF274E9FB8008888DE /* TripInfoGestureRecognizer.swift in Sources */ = {isa = PBXBuildFile; fileRef = BC29BECE274E9FB8008888DE /* TripInfoGestureRecognizer.swift */; };
		BC3693A127A6A4F700F11470 /* Realm in Frameworks */ = {isa = PBXBuildFile; productRef = BC3693A027A6A4F700F11470 /* Realm */; };
		BC3693A327A6A4F700F11470 /* RealmSwift in Frameworks */ = {isa = PBXBuildFile; productRef = BC3693A227A6A4F700F11470 /* RealmSwift */; };
		BC3693A527A6A63700F11470 /* TripInfoModel.swift in Sources */ = {isa = PBXBuildFile; fileRef = BC3693A427A6A63700F11470 /* TripInfoModel.swift */; };
		BC3693A727A6A9E600F11470 /* DBManager.swift in Sources */ = {isa = PBXBuildFile; fileRef = BC3693A627A6A9E600F11470 /* DBManager.swift */; };
		BC4B8A472775FFCE00F3632C /* TripPriceModel.swift in Sources */ = {isa = PBXBuildFile; fileRef = BC4B8A462775FFCD00F3632C /* TripPriceModel.swift */; };
		BC5247C4272C1BBE00A100EA /* HomeTripBlockModel.swift in Sources */ = {isa = PBXBuildFile; fileRef = BC5247C3272C1BBE00A100EA /* HomeTripBlockModel.swift */; };
		BC52B6512778B697009E7682 /* MapViewController.swift in Sources */ = {isa = PBXBuildFile; fileRef = BC52B6502778B697009E7682 /* MapViewController.swift */; };
		BC59FF2E27465D4D001DCA06 /* TripsListView.swift in Sources */ = {isa = PBXBuildFile; fileRef = BC59FF2D27465D4D001DCA06 /* TripsListView.swift */; };
		BC59FF3027467F87001DCA06 /* TripTableViewCell.swift in Sources */ = {isa = PBXBuildFile; fileRef = BC59FF2F27467F87001DCA06 /* TripTableViewCell.swift */; };
		BC7AE22D2752605B005936B8 /* DetailedTripViewTransition.swift in Sources */ = {isa = PBXBuildFile; fileRef = BC7AE22C2752605B005936B8 /* DetailedTripViewTransition.swift */; };
		BC7BA970271750C100EBB697 /* HomeViewController.swift in Sources */ = {isa = PBXBuildFile; fileRef = BC7BA96F271750C100EBB697 /* HomeViewController.swift */; };
		BC7EDD5A27510ADD0029B0FA /* TripDotsView.swift in Sources */ = {isa = PBXBuildFile; fileRef = BC7EDD5927510ADD0029B0FA /* TripDotsView.swift */; };
		BC9EA128275287E000D96321 /* TripColors.swift in Sources */ = {isa = PBXBuildFile; fileRef = BC9EA127275287E000D96321 /* TripColors.swift */; };
		BCA45AB9275A3B5C00152FAB /* GradientBlock.swift in Sources */ = {isa = PBXBuildFile; fileRef = BCA45AB8275A3B5B00152FAB /* GradientBlock.swift */; };
		BCA7248F274AA5D60051C545 /* TripListSegue.swift in Sources */ = {isa = PBXBuildFile; fileRef = BCA7248E274AA5D60051C545 /* TripListSegue.swift */; };
		BCA72491274AAC210051C545 /* ProfileSegue.swift in Sources */ = {isa = PBXBuildFile; fileRef = BCA72490274AAC210051C545 /* ProfileSegue.swift */; };
		BCBE3C34278B0E0600479BD3 /* KeyboardDismissExtension.swift in Sources */ = {isa = PBXBuildFile; fileRef = BCBE3C33278B0E0600479BD3 /* KeyboardDismissExtension.swift */; };
		BCC278A52782718D002D3EB9 /* LocationSearchTable.swift in Sources */ = {isa = PBXBuildFile; fileRef = BCC278A42782718D002D3EB9 /* LocationSearchTable.swift */; };
		BCCE383427300D380007402D /* StatisticViewController.swift in Sources */ = {isa = PBXBuildFile; fileRef = BCCE383327300D380007402D /* StatisticViewController.swift */; };
		BCD03600272D9C990033DCF1 /* CornerExtentionUIVIew.swift in Sources */ = {isa = PBXBuildFile; fileRef = BCD035FF272D9C990033DCF1 /* CornerExtentionUIVIew.swift */; };
		BCD1F86F2743D23F00FBBF78 /* TripListViewController.swift in Sources */ = {isa = PBXBuildFile; fileRef = BCD1F86E2743D23F00FBBF78 /* TripListViewController.swift */; };
		BCD23B0427123BB3007C6B47 /* AppDelegate.swift in Sources */ = {isa = PBXBuildFile; fileRef = BCD23B0327123BB3007C6B47 /* AppDelegate.swift */; };
		BCD23B0627123BB3007C6B47 /* SceneDelegate.swift in Sources */ = {isa = PBXBuildFile; fileRef = BCD23B0527123BB3007C6B47 /* SceneDelegate.swift */; };
		BCD23B0B27123BB3007C6B47 /* Main.storyboard in Resources */ = {isa = PBXBuildFile; fileRef = BCD23B0927123BB3007C6B47 /* Main.storyboard */; };
		BCD23B0D27123BBB007C6B47 /* Assets.xcassets in Resources */ = {isa = PBXBuildFile; fileRef = BCD23B0C27123BBB007C6B47 /* Assets.xcassets */; };
		BCD23B1027123BBB007C6B47 /* LaunchScreen.storyboard in Resources */ = {isa = PBXBuildFile; fileRef = BCD23B0E27123BBB007C6B47 /* LaunchScreen.storyboard */; };
		BCE314BF2714669E005AA8FE /* HomeTripBlockView.swift in Sources */ = {isa = PBXBuildFile; fileRef = BCE314BE2714669E005AA8FE /* HomeTripBlockView.swift */; };
		BCEA25A9272C8F0700EE9557 /* LocalSavingSystem.swift in Sources */ = {isa = PBXBuildFile; fileRef = BCEA25A8272C8F0700EE9557 /* LocalSavingSystem.swift */; };
/* End PBXBuildFile section */

/* Begin PBXFileReference section */
		BC08E768274D58C000D00387 /* TripDetailedViewController.swift */ = {isa = PBXFileReference; lastKnownFileType = sourcecode.swift; path = TripDetailedViewController.swift; sourceTree = "<group>"; };
		BC122A4027399EB000AC356F /* AddBlockViewController.swift */ = {isa = PBXFileReference; lastKnownFileType = sourcecode.swift; path = AddBlockViewController.swift; sourceTree = "<group>"; };
		BC149CBE272D6AB600C5F7D5 /* FlightViewController.swift */ = {isa = PBXFileReference; lastKnownFileType = sourcecode.swift; path = FlightViewController.swift; sourceTree = "<group>"; };
		BC1F121627ADE97A00AFCE2A /* ProfileTabBarController.swift */ = {isa = PBXFileReference; lastKnownFileType = sourcecode.swift; path = ProfileTabBarController.swift; sourceTree = "<group>"; };
		BC29BECE274E9FB8008888DE /* TripInfoGestureRecognizer.swift */ = {isa = PBXFileReference; lastKnownFileType = sourcecode.swift; path = TripInfoGestureRecognizer.swift; sourceTree = "<group>"; };
		BC3693A427A6A63700F11470 /* TripInfoModel.swift */ = {isa = PBXFileReference; lastKnownFileType = sourcecode.swift; path = TripInfoModel.swift; sourceTree = "<group>"; };
		BC3693A627A6A9E600F11470 /* DBManager.swift */ = {isa = PBXFileReference; lastKnownFileType = sourcecode.swift; path = DBManager.swift; sourceTree = "<group>"; };
		BC4B8A462775FFCD00F3632C /* TripPriceModel.swift */ = {isa = PBXFileReference; lastKnownFileType = sourcecode.swift; path = TripPriceModel.swift; sourceTree = "<group>"; };
		BC5247C3272C1BBE00A100EA /* HomeTripBlockModel.swift */ = {isa = PBXFileReference; lastKnownFileType = sourcecode.swift; path = HomeTripBlockModel.swift; sourceTree = "<group>"; };
		BC52B6502778B697009E7682 /* MapViewController.swift */ = {isa = PBXFileReference; lastKnownFileType = sourcecode.swift; path = MapViewController.swift; sourceTree = "<group>"; };
		BC59FF2D27465D4D001DCA06 /* TripsListView.swift */ = {isa = PBXFileReference; lastKnownFileType = sourcecode.swift; path = TripsListView.swift; sourceTree = "<group>"; };
		BC59FF2F27467F87001DCA06 /* TripTableViewCell.swift */ = {isa = PBXFileReference; lastKnownFileType = sourcecode.swift; path = TripTableViewCell.swift; sourceTree = "<group>"; };
		BC7AE22C2752605B005936B8 /* DetailedTripViewTransition.swift */ = {isa = PBXFileReference; lastKnownFileType = sourcecode.swift; name = DetailedTripViewTransition.swift; path = GoTripIOS/Segue/DetailedTripViewTransition.swift; sourceTree = SOURCE_ROOT; };
		BC7BA96F271750C100EBB697 /* HomeViewController.swift */ = {isa = PBXFileReference; lastKnownFileType = sourcecode.swift; path = HomeViewController.swift; sourceTree = "<group>"; };
		BC7EDD5927510ADD0029B0FA /* TripDotsView.swift */ = {isa = PBXFileReference; lastKnownFileType = sourcecode.swift; path = TripDotsView.swift; sourceTree = "<group>"; };
		BC9EA127275287E000D96321 /* TripColors.swift */ = {isa = PBXFileReference; lastKnownFileType = sourcecode.swift; path = TripColors.swift; sourceTree = "<group>"; };
		BCA45AB8275A3B5B00152FAB /* GradientBlock.swift */ = {isa = PBXFileReference; lastKnownFileType = sourcecode.swift; path = GradientBlock.swift; sourceTree = "<group>"; };
		BCA7248E274AA5D60051C545 /* TripListSegue.swift */ = {isa = PBXFileReference; lastKnownFileType = sourcecode.swift; path = TripListSegue.swift; sourceTree = "<group>"; };
		BCA72490274AAC210051C545 /* ProfileSegue.swift */ = {isa = PBXFileReference; lastKnownFileType = sourcecode.swift; path = ProfileSegue.swift; sourceTree = "<group>"; };
		BCBE3C33278B0E0600479BD3 /* KeyboardDismissExtension.swift */ = {isa = PBXFileReference; lastKnownFileType = sourcecode.swift; path = KeyboardDismissExtension.swift; sourceTree = "<group>"; };
		BCC278A42782718D002D3EB9 /* LocationSearchTable.swift */ = {isa = PBXFileReference; lastKnownFileType = sourcecode.swift; path = LocationSearchTable.swift; sourceTree = "<group>"; };
		BCCE383327300D380007402D /* StatisticViewController.swift */ = {isa = PBXFileReference; lastKnownFileType = sourcecode.swift; path = StatisticViewController.swift; sourceTree = "<group>"; };
		BCD035FF272D9C990033DCF1 /* CornerExtentionUIVIew.swift */ = {isa = PBXFileReference; lastKnownFileType = sourcecode.swift; path = CornerExtentionUIVIew.swift; sourceTree = "<group>"; };
		BCD1F86E2743D23F00FBBF78 /* TripListViewController.swift */ = {isa = PBXFileReference; lastKnownFileType = sourcecode.swift; path = TripListViewController.swift; sourceTree = "<group>"; };
		BCD23B0027123BB3007C6B47 /* GoTripIOS.app */ = {isa = PBXFileReference; explicitFileType = wrapper.application; includeInIndex = 0; path = GoTripIOS.app; sourceTree = BUILT_PRODUCTS_DIR; };
		BCD23B0327123BB3007C6B47 /* AppDelegate.swift */ = {isa = PBXFileReference; lastKnownFileType = sourcecode.swift; path = AppDelegate.swift; sourceTree = "<group>"; };
		BCD23B0527123BB3007C6B47 /* SceneDelegate.swift */ = {isa = PBXFileReference; lastKnownFileType = sourcecode.swift; path = SceneDelegate.swift; sourceTree = "<group>"; };
		BCD23B0A27123BB3007C6B47 /* Base */ = {isa = PBXFileReference; lastKnownFileType = file.storyboard; name = Base; path = Base.lproj/Main.storyboard; sourceTree = "<group>"; };
		BCD23B0C27123BBB007C6B47 /* Assets.xcassets */ = {isa = PBXFileReference; lastKnownFileType = folder.assetcatalog; path = Assets.xcassets; sourceTree = "<group>"; };
		BCD23B0F27123BBB007C6B47 /* Base */ = {isa = PBXFileReference; lastKnownFileType = file.storyboard; name = Base; path = Base.lproj/LaunchScreen.storyboard; sourceTree = "<group>"; };
		BCD23B1127123BBB007C6B47 /* Info.plist */ = {isa = PBXFileReference; lastKnownFileType = text.plist.xml; path = Info.plist; sourceTree = "<group>"; };
		BCE314BE2714669E005AA8FE /* HomeTripBlockView.swift */ = {isa = PBXFileReference; lastKnownFileType = sourcecode.swift; path = HomeTripBlockView.swift; sourceTree = "<group>"; };
		BCEA25A8272C8F0700EE9557 /* LocalSavingSystem.swift */ = {isa = PBXFileReference; lastKnownFileType = sourcecode.swift; path = LocalSavingSystem.swift; sourceTree = "<group>"; };
/* End PBXFileReference section */

/* Begin PBXFrameworksBuildPhase section */
		BCD23AFD27123BB3007C6B47 /* Frameworks */ = {
			isa = PBXFrameworksBuildPhase;
			buildActionMask = 2147483647;
			files = (
				BC3693A327A6A4F700F11470 /* RealmSwift in Frameworks */,
				BC3693A127A6A4F700F11470 /* Realm in Frameworks */,
			);
			runOnlyForDeploymentPostprocessing = 0;
		};
/* End PBXFrameworksBuildPhase section */

/* Begin PBXGroup section */
		BC149CBB272D69B700C5F7D5 /* View */ = {
			isa = PBXGroup;
			children = (
				BC59FF2F27467F87001DCA06 /* TripTableViewCell.swift */,
				BCE314BE2714669E005AA8FE /* HomeTripBlockView.swift */,
				BC59FF2D27465D4D001DCA06 /* TripsListView.swift */,
				BC7EDD5927510ADD0029B0FA /* TripDotsView.swift */,
				BCA45AB8275A3B5B00152FAB /* GradientBlock.swift */,
			);
			path = View;
			sourceTree = "<group>";
		};
		BC149CBC272D69D800C5F7D5 /* Controller */ = {
			isa = PBXGroup;
			children = (
				BC149CBE272D6AB600C5F7D5 /* FlightViewController.swift */,
				BC7BA96F271750C100EBB697 /* HomeViewController.swift */,
				BCCE383327300D380007402D /* StatisticViewController.swift */,
				BC122A4027399EB000AC356F /* AddBlockViewController.swift */,
				BCD1F86E2743D23F00FBBF78 /* TripListViewController.swift */,
				BC08E768274D58C000D00387 /* TripDetailedViewController.swift */,
				BC52B6502778B697009E7682 /* MapViewController.swift */,
				BCC278A42782718D002D3EB9 /* LocationSearchTable.swift */,
				BC1F121627ADE97A00AFCE2A /* ProfileTabBarController.swift */,
			);
			path = Controller;
			sourceTree = "<group>";
		};
		BC149CBD272D69E500C5F7D5 /* Model */ = {
			isa = PBXGroup;
			children = (
				BC5247C3272C1BBE00A100EA /* HomeTripBlockModel.swift */,
				BC4B8A462775FFCD00F3632C /* TripPriceModel.swift */,
			);
			path = Model;
			sourceTree = "<group>";
		};
		BC3693A827A6BF1300F11470 /* RealmFiles */ = {
			isa = PBXGroup;
			children = (
				BC3693A627A6A9E600F11470 /* DBManager.swift */,
				BC3693A427A6A63700F11470 /* TripInfoModel.swift */,
			);
			path = RealmFiles;
			sourceTree = "<group>";
		};
		BCA7248D274AA5A30051C545 /* Segue */ = {
			isa = PBXGroup;
			children = (
				BC7AE22C2752605B005936B8 /* DetailedTripViewTransition.swift */,
				BCA7248E274AA5D60051C545 /* TripListSegue.swift */,
				BCA72490274AAC210051C545 /* ProfileSegue.swift */,
			);
			path = Segue;
			sourceTree = "<group>";
		};
		BCD035FE272D9C240033DCF1 /* Other */ = {
			isa = PBXGroup;
			children = (
				BCEA25A8272C8F0700EE9557 /* LocalSavingSystem.swift */,
				BCD035FF272D9C990033DCF1 /* CornerExtentionUIVIew.swift */,
				BC29BECE274E9FB8008888DE /* TripInfoGestureRecognizer.swift */,
				BC9EA127275287E000D96321 /* TripColors.swift */,
				BCBE3C33278B0E0600479BD3 /* KeyboardDismissExtension.swift */,
			);
			path = Other;
			sourceTree = "<group>";
		};
		BCD23AF727123BB3007C6B47 = {
			isa = PBXGroup;
			children = (
				BCD23B0227123BB3007C6B47 /* GoTripIOS */,
				BCD23B0127123BB3007C6B47 /* Products */,
			);
			sourceTree = "<group>";
		};
		BCD23B0127123BB3007C6B47 /* Products */ = {
			isa = PBXGroup;
			children = (
				BCD23B0027123BB3007C6B47 /* GoTripIOS.app */,
			);
			name = Products;
			sourceTree = "<group>";
		};
		BCD23B0227123BB3007C6B47 /* GoTripIOS */ = {
			isa = PBXGroup;
			children = (
				BCD23B0327123BB3007C6B47 /* AppDelegate.swift */,
				BCD23B0527123BB3007C6B47 /* SceneDelegate.swift */,
				BC149CBD272D69E500C5F7D5 /* Model */,
				BC149CBB272D69B700C5F7D5 /* View */,
				BC149CBC272D69D800C5F7D5 /* Controller */,
				BCA7248D274AA5A30051C545 /* Segue */,
				BCD035FE272D9C240033DCF1 /* Other */,
				BC3693A827A6BF1300F11470 /* RealmFiles */,
				BCD23B0927123BB3007C6B47 /* Main.storyboard */,
				BCD23B0C27123BBB007C6B47 /* Assets.xcassets */,
				BCD23B0E27123BBB007C6B47 /* LaunchScreen.storyboard */,
				BCD23B1127123BBB007C6B47 /* Info.plist */,
			);
			path = GoTripIOS;
			sourceTree = "<group>";
		};
/* End PBXGroup section */

/* Begin PBXNativeTarget section */
		BCD23AFF27123BB3007C6B47 /* GoTripIOS */ = {
			isa = PBXNativeTarget;
			buildConfigurationList = BCD23B1427123BBC007C6B47 /* Build configuration list for PBXNativeTarget "GoTripIOS" */;
			buildPhases = (
				BCD23AFC27123BB3007C6B47 /* Sources */,
				BCD23AFD27123BB3007C6B47 /* Frameworks */,
				BCD23AFE27123BB3007C6B47 /* Resources */,
			);
			buildRules = (
			);
			dependencies = (
			);
			name = GoTripIOS;
			packageProductDependencies = (
				BC3693A027A6A4F700F11470 /* Realm */,
				BC3693A227A6A4F700F11470 /* RealmSwift */,
			);
			productName = GoTripIOS;
			productReference = BCD23B0027123BB3007C6B47 /* GoTripIOS.app */;
			productType = "com.apple.product-type.application";
		};
/* End PBXNativeTarget section */

/* Begin PBXProject section */
		BCD23AF827123BB3007C6B47 /* Project object */ = {
			isa = PBXProject;
			attributes = {
				LastSwiftUpdateCheck = 1240;
				LastUpgradeCheck = 1240;
				TargetAttributes = {
					BCD23AFF27123BB3007C6B47 = {
						CreatedOnToolsVersion = 12.4;
					};
				};
			};
			buildConfigurationList = BCD23AFB27123BB3007C6B47 /* Build configuration list for PBXProject "GoTripIOS" */;
			compatibilityVersion = "Xcode 9.3";
			developmentRegion = en;
			hasScannedForEncodings = 0;
			knownRegions = (
				en,
				Base,
			);
			mainGroup = BCD23AF727123BB3007C6B47;
			packageReferences = (
				BC36939F27A6A4F700F11470 /* XCRemoteSwiftPackageReference "realm-swift" */,
			);
			productRefGroup = BCD23B0127123BB3007C6B47 /* Products */;
			projectDirPath = "";
			projectRoot = "";
			targets = (
				BCD23AFF27123BB3007C6B47 /* GoTripIOS */,
			);
		};
/* End PBXProject section */

/* Begin PBXResourcesBuildPhase section */
		BCD23AFE27123BB3007C6B47 /* Resources */ = {
			isa = PBXResourcesBuildPhase;
			buildActionMask = 2147483647;
			files = (
				BCD23B1027123BBB007C6B47 /* LaunchScreen.storyboard in Resources */,
				BCD23B0D27123BBB007C6B47 /* Assets.xcassets in Resources */,
				BCD23B0B27123BB3007C6B47 /* Main.storyboard in Resources */,
			);
			runOnlyForDeploymentPostprocessing = 0;
		};
/* End PBXResourcesBuildPhase section */

/* Begin PBXSourcesBuildPhase section */
		BCD23AFC27123BB3007C6B47 /* Sources */ = {
			isa = PBXSourcesBuildPhase;
			buildActionMask = 2147483647;
			files = (
				BCD1F86F2743D23F00FBBF78 /* TripListViewController.swift in Sources */,
				BC122A4127399EB000AC356F /* AddBlockViewController.swift in Sources */,
				BCA7248F274AA5D60051C545 /* TripListSegue.swift in Sources */,
				BCC278A52782718D002D3EB9 /* LocationSearchTable.swift in Sources */,
				BC7BA970271750C100EBB697 /* HomeViewController.swift in Sources */,
				BCE314BF2714669E005AA8FE /* HomeTripBlockView.swift in Sources */,
				BC149CBF272D6AB600C5F7D5 /* FlightViewController.swift in Sources */,
				BC7AE22D2752605B005936B8 /* DetailedTripViewTransition.swift in Sources */,
				BC29BECF274E9FB8008888DE /* TripInfoGestureRecognizer.swift in Sources */,
				BC9EA128275287E000D96321 /* TripColors.swift in Sources */,
				BC52B6512778B697009E7682 /* MapViewController.swift in Sources */,
				BCD23B0427123BB3007C6B47 /* AppDelegate.swift in Sources */,
				BCD23B0627123BB3007C6B47 /* SceneDelegate.swift in Sources */,
				BCEA25A9272C8F0700EE9557 /* LocalSavingSystem.swift in Sources */,
				BC59FF2E27465D4D001DCA06 /* TripsListView.swift in Sources */,
				BC08E769274D58C000D00387 /* TripDetailedViewController.swift in Sources */,
				BC59FF3027467F87001DCA06 /* TripTableViewCell.swift in Sources */,
				BC7EDD5A27510ADD0029B0FA /* TripDotsView.swift in Sources */,
				BCA45AB9275A3B5C00152FAB /* GradientBlock.swift in Sources */,
				BCBE3C34278B0E0600479BD3 /* KeyboardDismissExtension.swift in Sources */,
				BC3693A527A6A63700F11470 /* TripInfoModel.swift in Sources */,
				BCCE383427300D380007402D /* StatisticViewController.swift in Sources */,
				BC3693A727A6A9E600F11470 /* DBManager.swift in Sources */,
				BC4B8A472775FFCE00F3632C /* TripPriceModel.swift in Sources */,
				BCA72491274AAC210051C545 /* ProfileSegue.swift in Sources */,
				BC1F121727ADE97B00AFCE2A /* ProfileTabBarController.swift in Sources */,
				BCD03600272D9C990033DCF1 /* CornerExtentionUIVIew.swift in Sources */,
				BC5247C4272C1BBE00A100EA /* HomeTripBlockModel.swift in Sources */,
			);
			runOnlyForDeploymentPostprocessing = 0;
		};
/* End PBXSourcesBuildPhase section */

/* Begin PBXVariantGroup section */
		BCD23B0927123BB3007C6B47 /* Main.storyboard */ = {
			isa = PBXVariantGroup;
			children = (
				BCD23B0A27123BB3007C6B47 /* Base */,
			);
			name = Main.storyboard;
			sourceTree = "<group>";
		};
		BCD23B0E27123BBB007C6B47 /* LaunchScreen.storyboard */ = {
			isa = PBXVariantGroup;
			children = (
				BCD23B0F27123BBB007C6B47 /* Base */,
			);
			name = LaunchScreen.storyboard;
			sourceTree = "<group>";
		};
/* End PBXVariantGroup section */

/* Begin XCBuildConfiguration section */
		BCD23B1227123BBB007C6B47 /* Debug */ = {
			isa = XCBuildConfiguration;
			buildSettings = {
				ALWAYS_SEARCH_USER_PATHS = NO;
				CLANG_ANALYZER_NONNULL = YES;
				CLANG_ANALYZER_NUMBER_OBJECT_CONVERSION = YES_AGGRESSIVE;
				CLANG_CXX_LANGUAGE_STANDARD = "gnu++14";
				CLANG_CXX_LIBRARY = "libc++";
				CLANG_ENABLE_MODULES = YES;
				CLANG_ENABLE_OBJC_ARC = YES;
				CLANG_ENABLE_OBJC_WEAK = YES;
				CLANG_WARN_BLOCK_CAPTURE_AUTORELEASING = YES;
				CLANG_WARN_BOOL_CONVERSION = YES;
				CLANG_WARN_COMMA = YES;
				CLANG_WARN_CONSTANT_CONVERSION = YES;
				CLANG_WARN_DEPRECATED_OBJC_IMPLEMENTATIONS = YES;
				CLANG_WARN_DIRECT_OBJC_ISA_USAGE = YES_ERROR;
				CLANG_WARN_DOCUMENTATION_COMMENTS = YES;
				CLANG_WARN_EMPTY_BODY = YES;
				CLANG_WARN_ENUM_CONVERSION = YES;
				CLANG_WARN_INFINITE_RECURSION = YES;
				CLANG_WARN_INT_CONVERSION = YES;
				CLANG_WARN_NON_LITERAL_NULL_CONVERSION = YES;
				CLANG_WARN_OBJC_IMPLICIT_RETAIN_SELF = YES;
				CLANG_WARN_OBJC_LITERAL_CONVERSION = YES;
				CLANG_WARN_OBJC_ROOT_CLASS = YES_ERROR;
				CLANG_WARN_QUOTED_INCLUDE_IN_FRAMEWORK_HEADER = YES;
				CLANG_WARN_RANGE_LOOP_ANALYSIS = YES;
				CLANG_WARN_STRICT_PROTOTYPES = YES;
				CLANG_WARN_SUSPICIOUS_MOVE = YES;
				CLANG_WARN_UNGUARDED_AVAILABILITY = YES_AGGRESSIVE;
				CLANG_WARN_UNREACHABLE_CODE = YES;
				CLANG_WARN__DUPLICATE_METHOD_MATCH = YES;
				COPY_PHASE_STRIP = NO;
				DEBUG_INFORMATION_FORMAT = dwarf;
				ENABLE_STRICT_OBJC_MSGSEND = YES;
				ENABLE_TESTABILITY = YES;
				GCC_C_LANGUAGE_STANDARD = gnu11;
				GCC_DYNAMIC_NO_PIC = NO;
				GCC_NO_COMMON_BLOCKS = YES;
				GCC_OPTIMIZATION_LEVEL = 0;
				GCC_PREPROCESSOR_DEFINITIONS = (
					"DEBUG=1",
					"$(inherited)",
				);
				GCC_WARN_64_TO_32_BIT_CONVERSION = YES;
				GCC_WARN_ABOUT_RETURN_TYPE = YES_ERROR;
				GCC_WARN_UNDECLARED_SELECTOR = YES;
				GCC_WARN_UNINITIALIZED_AUTOS = YES_AGGRESSIVE;
				GCC_WARN_UNUSED_FUNCTION = YES;
				GCC_WARN_UNUSED_VARIABLE = YES;
				IPHONEOS_DEPLOYMENT_TARGET = 14.4;
				MTL_ENABLE_DEBUG_INFO = INCLUDE_SOURCE;
				MTL_FAST_MATH = YES;
				ONLY_ACTIVE_ARCH = YES;
				SDKROOT = iphoneos;
				SWIFT_ACTIVE_COMPILATION_CONDITIONS = DEBUG;
				SWIFT_OPTIMIZATION_LEVEL = "-Onone";
			};
			name = Debug;
		};
		BCD23B1327123BBB007C6B47 /* Release */ = {
			isa = XCBuildConfiguration;
			buildSettings = {
				ALWAYS_SEARCH_USER_PATHS = NO;
				CLANG_ANALYZER_NONNULL = YES;
				CLANG_ANALYZER_NUMBER_OBJECT_CONVERSION = YES_AGGRESSIVE;
				CLANG_CXX_LANGUAGE_STANDARD = "gnu++14";
				CLANG_CXX_LIBRARY = "libc++";
				CLANG_ENABLE_MODULES = YES;
				CLANG_ENABLE_OBJC_ARC = YES;
				CLANG_ENABLE_OBJC_WEAK = YES;
				CLANG_WARN_BLOCK_CAPTURE_AUTORELEASING = YES;
				CLANG_WARN_BOOL_CONVERSION = YES;
				CLANG_WARN_COMMA = YES;
				CLANG_WARN_CONSTANT_CONVERSION = YES;
				CLANG_WARN_DEPRECATED_OBJC_IMPLEMENTATIONS = YES;
				CLANG_WARN_DIRECT_OBJC_ISA_USAGE = YES_ERROR;
				CLANG_WARN_DOCUMENTATION_COMMENTS = YES;
				CLANG_WARN_EMPTY_BODY = YES;
				CLANG_WARN_ENUM_CONVERSION = YES;
				CLANG_WARN_INFINITE_RECURSION = YES;
				CLANG_WARN_INT_CONVERSION = YES;
				CLANG_WARN_NON_LITERAL_NULL_CONVERSION = YES;
				CLANG_WARN_OBJC_IMPLICIT_RETAIN_SELF = YES;
				CLANG_WARN_OBJC_LITERAL_CONVERSION = YES;
				CLANG_WARN_OBJC_ROOT_CLASS = YES_ERROR;
				CLANG_WARN_QUOTED_INCLUDE_IN_FRAMEWORK_HEADER = YES;
				CLANG_WARN_RANGE_LOOP_ANALYSIS = YES;
				CLANG_WARN_STRICT_PROTOTYPES = YES;
				CLANG_WARN_SUSPICIOUS_MOVE = YES;
				CLANG_WARN_UNGUARDED_AVAILABILITY = YES_AGGRESSIVE;
				CLANG_WARN_UNREACHABLE_CODE = YES;
				CLANG_WARN__DUPLICATE_METHOD_MATCH = YES;
				COPY_PHASE_STRIP = NO;
				DEBUG_INFORMATION_FORMAT = "dwarf-with-dsym";
				ENABLE_NS_ASSERTIONS = NO;
				ENABLE_STRICT_OBJC_MSGSEND = YES;
				GCC_C_LANGUAGE_STANDARD = gnu11;
				GCC_NO_COMMON_BLOCKS = YES;
				GCC_WARN_64_TO_32_BIT_CONVERSION = YES;
				GCC_WARN_ABOUT_RETURN_TYPE = YES_ERROR;
				GCC_WARN_UNDECLARED_SELECTOR = YES;
				GCC_WARN_UNINITIALIZED_AUTOS = YES_AGGRESSIVE;
				GCC_WARN_UNUSED_FUNCTION = YES;
				GCC_WARN_UNUSED_VARIABLE = YES;
				IPHONEOS_DEPLOYMENT_TARGET = 14.4;
				MTL_ENABLE_DEBUG_INFO = NO;
				MTL_FAST_MATH = YES;
				SDKROOT = iphoneos;
				SWIFT_COMPILATION_MODE = wholemodule;
				SWIFT_OPTIMIZATION_LEVEL = "-O";
				VALIDATE_PRODUCT = YES;
			};
			name = Release;
		};
		BCD23B1527123BBC007C6B47 /* Debug */ = {
			isa = XCBuildConfiguration;
			buildSettings = {
				ASSETCATALOG_COMPILER_APPICON_NAME = AppIcon;
				ASSETCATALOG_COMPILER_GLOBAL_ACCENT_COLOR_NAME = AccentColor;
				CODE_SIGN_STYLE = Automatic;
				DEVELOPMENT_TEAM = 38M6285G4U;
				INFOPLIST_FILE = GoTripIOS/Info.plist;
				IPHONEOS_DEPLOYMENT_TARGET = 14.4;
				LD_RUNPATH_SEARCH_PATHS = (
					"$(inherited)",
					"@executable_path/Frameworks",
				);
				PRODUCT_BUNDLE_IDENTIFIER = hlebushek.GoTripIOS;
				PRODUCT_NAME = "$(TARGET_NAME)";
				SWIFT_VERSION = 5.0;
				TARGETED_DEVICE_FAMILY = "1,2";
			};
			name = Debug;
		};
		BCD23B1627123BBC007C6B47 /* Release */ = {
			isa = XCBuildConfiguration;
			buildSettings = {
				ASSETCATALOG_COMPILER_APPICON_NAME = AppIcon;
				ASSETCATALOG_COMPILER_GLOBAL_ACCENT_COLOR_NAME = AccentColor;
				CODE_SIGN_STYLE = Automatic;
				DEVELOPMENT_TEAM = 38M6285G4U;
				INFOPLIST_FILE = GoTripIOS/Info.plist;
				IPHONEOS_DEPLOYMENT_TARGET = 14.4;
				LD_RUNPATH_SEARCH_PATHS = (
					"$(inherited)",
					"@executable_path/Frameworks",
				);
				PRODUCT_BUNDLE_IDENTIFIER = hlebushek.GoTripIOS;
				PRODUCT_NAME = "$(TARGET_NAME)";
				SWIFT_VERSION = 5.0;
				TARGETED_DEVICE_FAMILY = "1,2";
			};
			name = Release;
		};
/* End XCBuildConfiguration section */

/* Begin XCConfigurationList section */
		BCD23AFB27123BB3007C6B47 /* Build configuration list for PBXProject "GoTripIOS" */ = {
			isa = XCConfigurationList;
			buildConfigurations = (
				BCD23B1227123BBB007C6B47 /* Debug */,
				BCD23B1327123BBB007C6B47 /* Release */,
			);
			defaultConfigurationIsVisible = 0;
			defaultConfigurationName = Release;
		};
		BCD23B1427123BBC007C6B47 /* Build configuration list for PBXNativeTarget "GoTripIOS" */ = {
			isa = XCConfigurationList;
			buildConfigurations = (
				BCD23B1527123BBC007C6B47 /* Debug */,
				BCD23B1627123BBC007C6B47 /* Release */,
			);
			defaultConfigurationIsVisible = 0;
			defaultConfigurationName = Release;
		};
/* End XCConfigurationList section */

/* Begin XCRemoteSwiftPackageReference section */
		BC36939F27A6A4F700F11470 /* XCRemoteSwiftPackageReference "realm-swift" */ = {
			isa = XCRemoteSwiftPackageReference;
			repositoryURL = "https://github.com/realm/realm-swift.git";
			requirement = {
				branch = master;
				kind = branch;
			};
		};
/* End XCRemoteSwiftPackageReference section */

/* Begin XCSwiftPackageProductDependency section */
		BC3693A027A6A4F700F11470 /* Realm */ = {
			isa = XCSwiftPackageProductDependency;
			package = BC36939F27A6A4F700F11470 /* XCRemoteSwiftPackageReference "realm-swift" */;
			productName = Realm;
		};
		BC3693A227A6A4F700F11470 /* RealmSwift */ = {
			isa = XCSwiftPackageProductDependency;
			package = BC36939F27A6A4F700F11470 /* XCRemoteSwiftPackageReference "realm-swift" */;
			productName = RealmSwift;
		};
/* End XCSwiftPackageProductDependency section */
	};
	rootObject = BCD23AF827123BB3007C6B47 /* Project object */;
}
